
Microsoft Visual Studio Solution File, Format Version 12.00
# Visual Studio Version 16
VisualStudioVersion = 16.0.31105.61
MinimumVisualStudioVersion = 10.0.40219.1
Project("{9A19103F-16F7-4668-BE54-9A1E7A4F7556}") = "TestingProject", "TestingProject\TestingProject.csproj", "{AF94A504-3369-4758-AE25-E8651B5B406D}"
EndProject
Project("{9A19103F-16F7-4668-BE54-9A1E7A4F7556}") = "CodeWars", "CodeWars\CodeWars.csproj", "{F94605BB-5389-4737-A369-A57E1364E091}"
EndProject
Project("{9A19103F-16F7-4668-BE54-9A1E7A4F7556}") = "Isomorphic", "Isomorphic\Isomorphic.csproj", "{7BC2F533-E23E-477E-A86D-FFBA668EBC4B}"
EndProject
Project("{9A19103F-16F7-4668-BE54-9A1E7A4F7556}") = "Search", "Search\Search.csproj", "{F243150F-118C-4157-BE44-8427133AA8DE}"
EndProject
Project("{9A19103F-16F7-4668-BE54-9A1E7A4F7556}") = "BigOPractice", "BigOPractice\BigOPractice.csproj", "{391CD5CC-2B68-449F-BB99-E0C55DCCF738}"
EndProject
Project("{FAE04EC0-301F-11D3-BF4B-00C04F79EFBC}") = "SortingLibrary", "SortingLibrary\SortingLibrary.csproj", "{6EA3E8AB-EC2B-43FD-9E32-1824741DE69E}"
EndProject
Global
	GlobalSection(SolutionConfigurationPlatforms) = preSolution
		Debug|Any CPU = Debug|Any CPU
		Release|Any CPU = Release|Any CPU
	EndGlobalSection
	GlobalSection(ProjectConfigurationPlatforms) = postSolution
		{AF94A504-3369-4758-AE25-E8651B5B406D}.Debug|Any CPU.ActiveCfg = Debug|Any CPU
		{AF94A504-3369-4758-AE25-E8651B5B406D}.Debug|Any CPU.Build.0 = Debug|Any CPU
		{AF94A504-3369-4758-AE25-E8651B5B406D}.Release|Any CPU.ActiveCfg = Release|Any CPU
		{AF94A504-3369-4758-AE25-E8651B5B406D}.Release|Any CPU.Build.0 = Release|Any CPU
		{F94605BB-5389-4737-A369-A57E1364E091}.Debug|Any CPU.ActiveCfg = Debug|Any CPU
		{F94605BB-5389-4737-A369-A57E1364E091}.Debug|Any CPU.Build.0 = Debug|Any CPU
		{F94605BB-5389-4737-A369-A57E1364E091}.Release|Any CPU.ActiveCfg = Release|Any CPU
		{F94605BB-5389-4737-A369-A57E1364E091}.Release|Any CPU.Build.0 = Release|Any CPU
		{7BC2F533-E23E-477E-A86D-FFBA668EBC4B}.Debug|Any CPU.ActiveCfg = Debug|Any CPU
		{7BC2F533-E23E-477E-A86D-FFBA668EBC4B}.Debug|Any CPU.Build.0 = Debug|Any CPU
		{7BC2F533-E23E-477E-A86D-FFBA668EBC4B}.Release|Any CPU.ActiveCfg = Release|Any CPU
		{7BC2F533-E23E-477E-A86D-FFBA668EBC4B}.Release|Any CPU.Build.0 = Release|Any CPU
		{F243150F-118C-4157-BE44-8427133AA8DE}.Debug|Any CPU.ActiveCfg = Debug|Any CPU
		{F243150F-118C-4157-BE44-8427133AA8DE}.Debug|Any CPU.Build.0 = Debug|Any CPU
		{F243150F-118C-4157-BE44-8427133AA8DE}.Release|Any CPU.ActiveCfg = Release|Any CPU
		{F243150F-118C-4157-BE44-8427133AA8DE}.Release|Any CPU.Build.0 = Release|Any CPU
		{391CD5CC-2B68-449F-BB99-E0C55DCCF738}.Debug|Any CPU.ActiveCfg = Debug|Any CPU
		{391CD5CC-2B68-449F-BB99-E0C55DCCF738}.Debug|Any CPU.Build.0 = Debug|Any CPU
		{391CD5CC-2B68-449F-BB99-E0C55DCCF738}.Release|Any CPU.ActiveCfg = Release|Any CPU
		{391CD5CC-2B68-449F-BB99-E0C55DCCF738}.Release|Any CPU.Build.0 = Release|Any CPU
		{6EA3E8AB-EC2B-43FD-9E32-1824741DE69E}.Debug|Any CPU.ActiveCfg = Debug|Any CPU
		{6EA3E8AB-EC2B-43FD-9E32-1824741DE69E}.Debug|Any CPU.Build.0 = Debug|Any CPU
		{6EA3E8AB-EC2B-43FD-9E32-1824741DE69E}.Release|Any CPU.ActiveCfg = Release|Any CPU
		{6EA3E8AB-EC2B-43FD-9E32-1824741DE69E}.Release|Any CPU.Build.0 = Release|Any CPU
	EndGlobalSection
	GlobalSection(SolutionProperties) = preSolution
		HideSolutionNode = FALSE
	EndGlobalSection
	GlobalSection(ExtensibilityGlobals) = postSolution
		SolutionGuid = {5AC5025D-5EFE-4B44-A12C-BFB660DDD276}
	EndGlobalSection
EndGlobal
